// !$*UTF8*$!
{
	archiveVersion = 1;
	classes = {
	};
	objectVersion = 46;
	objects = {

/* Begin PBXBuildFile section */
		D718987B19DFC40B00179E0C /* main.m in Sources */ = {isa = PBXBuildFile; fileRef = D718987A19DFC40B00179E0C /* main.m */; };
		D718987E19DFC40B00179E0C /* AppDelegate.m in Sources */ = {isa = PBXBuildFile; fileRef = D718987D19DFC40B00179E0C /* AppDelegate.m */; };
		D718988119DFC40B00179E0C /* ViewController.m in Sources */ = {isa = PBXBuildFile; fileRef = D718988019DFC40B00179E0C /* ViewController.m */; };
		D71898A019DFC53900179E0C /* NFXIntroViewController.m in Sources */ = {isa = PBXBuildFile; fileRef = D718989F19DFC53900179E0C /* NFXIntroViewController.m */; };
		D71898AD19DFD08000179E0C /* 101@2x~iphone.png in Resources */ = {isa = PBXBuildFile; fileRef = D71898A319DFD08000179E0C /* 101@2x~iphone.png */; };
		D71898AE19DFD08000179E0C /* 102@2x~iphone.png in Resources */ = {isa = PBXBuildFile; fileRef = D71898A419DFD08000179E0C /* 102@2x~iphone.png */; };
		D71898AF19DFD08000179E0C /* 103@2x~iphone.png in Resources */ = {isa = PBXBuildFile; fileRef = D71898A519DFD08000179E0C /* 103@2x~iphone.png */; };
		D71898B019DFD08000179E0C /* 104@2x~iphone.png in Resources */ = {isa = PBXBuildFile; fileRef = D71898A619DFD08000179E0C /* 104@2x~iphone.png */; };
		D71898B119DFD08000179E0C /* 105@2x~iphone.png in Resources */ = {isa = PBXBuildFile; fileRef = D71898A719DFD08000179E0C /* 105@2x~iphone.png */; };
		D71898B219DFD08000179E0C /* 106@2x~iphone.png in Resources */ = {isa = PBXBuildFile; fileRef = D71898A819DFD08000179E0C /* 106@2x~iphone.png */; };
		D71898B319DFD08000179E0C /* 107@2x~iphone.png in Resources */ = {isa = PBXBuildFile; fileRef = D71898A919DFD08000179E0C /* 107@2x~iphone.png */; };
		D71898B419DFD08000179E0C /* 108@2x~iphone.png in Resources */ = {isa = PBXBuildFile; fileRef = D71898AA19DFD08000179E0C /* 108@2x~iphone.png */; };
		D71898B519DFD08000179E0C /* 109@2x~iphone.png in Resources */ = {isa = PBXBuildFile; fileRef = D71898AB19DFD08000179E0C /* 109@2x~iphone.png */; };
		D71898B819DFD8B900179E0C /* Images.xcassets in Resources */ = {isa = PBXBuildFile; fileRef = D71898B719DFD8B900179E0C /* Images.xcassets */; };
/* End PBXBuildFile section */

/* Begin PBXFileReference section */
		D718987519DFC40B00179E0C /* NFXTourViewControllerDEMO.app */ = {isa = PBXFileReference; explicitFileType = wrapper.application; includeInIndex = 0; path = NFXTourViewControllerDEMO.app; sourceTree = BUILT_PRODUCTS_DIR; };
		D718987919DFC40B00179E0C /* Info.plist */ = {isa = PBXFileReference; lastKnownFileType = text.plist.xml; path = Info.plist; sourceTree = "<group>"; };
		D718987A19DFC40B00179E0C /* main.m */ = {isa = PBXFileReference; lastKnownFileType = sourcecode.c.objc; path = main.m; sourceTree = "<group>"; };
		D718987C19DFC40B00179E0C /* AppDelegate.h */ = {isa = PBXFileReference; lastKnownFileType = sourcecode.c.h; path = AppDelegate.h; sourceTree = "<group>"; };
		D718987D19DFC40B00179E0C /* AppDelegate.m */ = {isa = PBXFileReference; lastKnownFileType = sourcecode.c.objc; path = AppDelegate.m; sourceTree = "<group>"; };
		D718987F19DFC40B00179E0C /* ViewController.h */ = {isa = PBXFileReference; lastKnownFileType = sourcecode.c.h; path = ViewController.h; sourceTree = "<group>"; };
		D718988019DFC40B00179E0C /* ViewController.m */ = {isa = PBXFileReference; lastKnownFileType = sourcecode.c.objc; path = ViewController.m; sourceTree = "<group>"; };
		D718989319DFC40B00179E0C /* Info.plist */ = {isa = PBXFileReference; lastKnownFileType = text.plist.xml; path = Info.plist; sourceTree = "<group>"; };
		D718989419DFC40B00179E0C /* NFXTourViewControllerDEMOTests.m */ = {isa = PBXFileReference; lastKnownFileType = sourcecode.c.objc; path = NFXTourViewControllerDEMOTests.m; sourceTree = "<group>"; };
		D718989E19DFC53900179E0C /* NFXIntroViewController.h */ = {isa = PBXFileReference; fileEncoding = 4; lastKnownFileType = sourcecode.c.h; name = NFXIntroViewController.h; path = NFXTourViewController/NFXIntroViewController.h; sourceTree = SOURCE_ROOT; };
		D718989F19DFC53900179E0C /* NFXIntroViewController.m */ = {isa = PBXFileReference; fileEncoding = 4; lastKnownFileType = sourcecode.c.objc; name = NFXIntroViewController.m; path = NFXTourViewController/NFXIntroViewController.m; sourceTree = SOURCE_ROOT; };
		D71898A319DFD08000179E0C /* 101@2x~iphone.png */ = {isa = PBXFileReference; lastKnownFileType = image.png; path = "101@2x~iphone.png"; sourceTree = "<group>"; };
		D71898A419DFD08000179E0C /* 102@2x~iphone.png */ = {isa = PBXFileReference; lastKnownFileType = image.png; path = "102@2x~iphone.png"; sourceTree = "<group>"; };
		D71898A519DFD08000179E0C /* 103@2x~iphone.png */ = {isa = PBXFileReference; lastKnownFileType = image.png; path = "103@2x~iphone.png"; sourceTree = "<group>"; };
		D71898A619DFD08000179E0C /* 104@2x~iphone.png */ = {isa = PBXFileReference; lastKnownFileType = image.png; path = "104@2x~iphone.png"; sourceTree = "<group>"; };
		D71898A719DFD08000179E0C /* 105@2x~iphone.png */ = {isa = PBXFileReference; lastKnownFileType = image.png; path = "105@2x~iphone.png"; sourceTree = "<group>"; };
		D71898A819DFD08000179E0C /* 106@2x~iphone.png */ = {isa = PBXFileReference; lastKnownFileType = image.png; path = "106@2x~iphone.png"; sourceTree = "<group>"; };
		D71898A919DFD08000179E0C /* 107@2x~iphone.png */ = {isa = PBXFileReference; lastKnownFileType = image.png; path = "107@2x~iphone.png"; sourceTree = "<group>"; };
		D71898AA19DFD08000179E0C /* 108@2x~iphone.png */ = {isa = PBXFileReference; lastKnownFileType = image.png; path = "108@2x~iphone.png"; sourceTree = "<group>"; };
		D71898AB19DFD08000179E0C /* 109@2x~iphone.png */ = {isa = PBXFileReference; lastKnownFileType = image.png; path = "109@2x~iphone.png"; sourceTree = "<group>"; };
		D71898B719DFD8B900179E0C /* Images.xcassets */ = {isa = PBXFileReference; lastKnownFileType = folder.assetcatalog; path = Images.xcassets; sourceTree = "<group>"; };
/* End PBXFileReference section */

/* Begin PBXFrameworksBuildPhase section */
		D718987219DFC40B00179E0C /* Frameworks */ = {
			isa = PBXFrameworksBuildPhase;
			buildActionMask = 2147483647;
			files = (
			);
			runOnlyForDeploymentPostprocessing = 0;
		};
/* End PBXFrameworksBuildPhase section */

/* Begin PBXGroup section */
		D718986C19DFC40B00179E0C = {
			isa = PBXGroup;
			children = (
				D718987719DFC40B00179E0C /* NFXTourViewControllerDEMO */,
				D718989119DFC40B00179E0C /* NFXTourViewControllerDEMOTests */,
				D718987619DFC40B00179E0C /* Products */,
			);
			sourceTree = "<group>";
		};
		D718987619DFC40B00179E0C /* Products */ = {
			isa = PBXGroup;
			children = (
				D718987519DFC40B00179E0C /* NFXTourViewControllerDEMO.app */,
			);
			name = Products;
			sourceTree = "<group>";
		};
		D718987719DFC40B00179E0C /* NFXTourViewControllerDEMO */ = {
			isa = PBXGroup;
			children = (
				D71898A219DFD07800179E0C /* res */,
				D71898A119DFD06E00179E0C /* Lib */,
				D718987C19DFC40B00179E0C /* AppDelegate.h */,
				D718987D19DFC40B00179E0C /* AppDelegate.m */,
				D718987F19DFC40B00179E0C /* ViewController.h */,
				D718988019DFC40B00179E0C /* ViewController.m */,
				D71898B719DFD8B900179E0C /* Images.xcassets */,
				D718987819DFC40B00179E0C /* Supporting Files */,
			);
			path = NFXTourViewControllerDEMO;
			sourceTree = "<group>";
		};
		D718987819DFC40B00179E0C /* Supporting Files */ = {
			isa = PBXGroup;
			children = (
				D718987919DFC40B00179E0C /* Info.plist */,
				D718987A19DFC40B00179E0C /* main.m */,
			);
			name = "Supporting Files";
			sourceTree = "<group>";
		};
		D718989119DFC40B00179E0C /* NFXTourViewControllerDEMOTests */ = {
			isa = PBXGroup;
			children = (
				D718989419DFC40B00179E0C /* NFXTourViewControllerDEMOTests.m */,
				D718989219DFC40B00179E0C /* Supporting Files */,
			);
			path = NFXTourViewControllerDEMOTests;
			sourceTree = "<group>";
		};
		D718989219DFC40B00179E0C /* Supporting Files */ = {
			isa = PBXGroup;
			children = (
				D718989319DFC40B00179E0C /* Info.plist */,
			);
			name = "Supporting Files";
			sourceTree = "<group>";
		};
		D71898A119DFD06E00179E0C /* Lib */ = {
			isa = PBXGroup;
			children = (
				D718989E19DFC53900179E0C /* NFXIntroViewController.h */,
				D718989F19DFC53900179E0C /* NFXIntroViewController.m */,
			);
			name = Lib;
			sourceTree = "<group>";
		};
		D71898A219DFD07800179E0C /* res */ = {
			isa = PBXGroup;
			children = (
				D71898A319DFD08000179E0C /* 101@2x~iphone.png */,
				D71898A419DFD08000179E0C /* 102@2x~iphone.png */,
				D71898A519DFD08000179E0C /* 103@2x~iphone.png */,
				D71898A619DFD08000179E0C /* 104@2x~iphone.png */,
				D71898A719DFD08000179E0C /* 105@2x~iphone.png */,
				D71898A819DFD08000179E0C /* 106@2x~iphone.png */,
				D71898A919DFD08000179E0C /* 107@2x~iphone.png */,
				D71898AA19DFD08000179E0C /* 108@2x~iphone.png */,
				D71898AB19DFD08000179E0C /* 109@2x~iphone.png */,
			);
			name = res;
			sourceTree = "<group>";
		};
/* End PBXGroup section */

/* Begin PBXNativeTarget section */
		D718987419DFC40B00179E0C /* NFXTourViewControllerDEMO */ = {
			isa = PBXNativeTarget;
			buildConfigurationList = D718989819DFC40B00179E0C /* Build configuration list for PBXNativeTarget "NFXTourViewControllerDEMO" */;
			buildPhases = (
				D718987119DFC40B00179E0C /* Sources */,
				D718987219DFC40B00179E0C /* Frameworks */,
				D718987319DFC40B00179E0C /* Resources */,
			);
			buildRules = (
			);
			dependencies = (
			);
			name = NFXTourViewControllerDEMO;
			productName = NFXTourViewControllerDEMO;
			productReference = D718987519DFC40B00179E0C /* NFXTourViewControllerDEMO.app */;
			productType = "com.apple.product-type.application";
		};
/* End PBXNativeTarget section */

/* Begin PBXProject section */
		D718986D19DFC40B00179E0C /* Project object */ = {
			isa = PBXProject;
			attributes = {
				LastUpgradeCheck = 0610;
				ORGANIZATIONNAME = Tomoya_Hirano;
				TargetAttributes = {
					D718987419DFC40B00179E0C = {
						CreatedOnToolsVersion = 6.1;
					};
				};
			};
			buildConfigurationList = D718987019DFC40B00179E0C /* Build configuration list for PBXProject "NFXTourViewControllerDEMO" */;
			compatibilityVersion = "Xcode 3.2";
			developmentRegion = English;
			hasScannedForEncodings = 0;
			knownRegions = (
				en,
				Base,
			);
			mainGroup = D718986C19DFC40B00179E0C;
			productRefGroup = D718987619DFC40B00179E0C /* Products */;
			projectDirPath = "";
			projectRoot = "";
			targets = (
				D718987419DFC40B00179E0C /* NFXTourViewControllerDEMO */,
			);
		};
/* End PBXProject section */

/* Begin PBXResourcesBuildPhase section */
		D718987319DFC40B00179E0C /* Resources */ = {
			isa = PBXResourcesBuildPhase;
			buildActionMask = 2147483647;
			files = (
				D71898B019DFD08000179E0C /* 104@2x~iphone.png in Resources */,
				D71898B819DFD8B900179E0C /* Images.xcassets in Resources */,
				D71898B319DFD08000179E0C /* 107@2x~iphone.png in Resources */,
				D71898AD19DFD08000179E0C /* 101@2x~iphone.png in Resources */,
				D71898AF19DFD08000179E0C /* 103@2x~iphone.png in Resources */,
				D71898B119DFD08000179E0C /* 105@2x~iphone.png in Resources */,
				D71898B419DFD08000179E0C /* 108@2x~iphone.png in Resources */,
				D71898AE19DFD08000179E0C /* 102@2x~iphone.png in Resources */,
				D71898B519DFD08000179E0C /* 109@2x~iphone.png in Resources */,
				D71898B219DFD08000179E0C /* 106@2x~iphone.png in Resources */,
			);
			runOnlyForDeploymentPostprocessing = 0;
		};
/* End PBXResourcesBuildPhase section */

/* Begin PBXSourcesBuildPhase section */
		D718987119DFC40B00179E0C /* Sources */ = {
			isa = PBXSourcesBuildPhase;
			buildActionMask = 2147483647;
			files = (
				D718988119DFC40B00179E0C /* ViewController.m in Sources */,
				D718987E19DFC40B00179E0C /* AppDelegate.m in Sources */,
				D71898A019DFC53900179E0C /* NFXIntroViewController.m in Sources */,
				D718987B19DFC40B00179E0C /* main.m in Sources */,
			);
			runOnlyForDeploymentPostprocessing = 0;
		};
/* End PBXSourcesBuildPhase section */

/* Begin XCBuildConfiguration section */
		D718989619DFC40B00179E0C /* Debug */ = {
			isa = XCBuildConfiguration;
			buildSettings = {
				ALWAYS_SEARCH_USER_PATHS = NO;
				CLANG_CXX_LANGUAGE_STANDARD = "gnu++0x";
				CLANG_CXX_LIBRARY = "libc++";
				CLANG_ENABLE_MODULES = YES;
				CLANG_ENABLE_OBJC_ARC = YES;
				CLANG_WARN_BOOL_CONVERSION = YES;
				CLANG_WARN_CONSTANT_CONVERSION = YES;
				CLANG_WARN_DIRECT_OBJC_ISA_USAGE = YES_ERROR;
				CLANG_WARN_EMPTY_BODY = YES;
				CLANG_WARN_ENUM_CONVERSION = YES;
				CLANG_WARN_INT_CONVERSION = YES;
				CLANG_WARN_OBJC_ROOT_CLASS = YES_ERROR;
				CLANG_WARN_UNREACHABLE_CODE = YES;
				CLANG_WARN__DUPLICATE_METHOD_MATCH = YES;
				"CODE_SIGN_IDENTITY[sdk=iphoneos*]" = "iPhone Developer";
				COPY_PHASE_STRIP = NO;
				ENABLE_STRICT_OBJC_MSGSEND = YES;
				GCC_C_LANGUAGE_STANDARD = gnu99;
				GCC_DYNAMIC_NO_PIC = NO;
				GCC_OPTIMIZATION_LEVEL = 0;
				GCC_PREPROCESSOR_DEFINITIONS = (
					"DEBUG=1",
					"$(inherited)",
				);
				GCC_SYMBOLS_PRIVATE_EXTERN = NO;
				GCC_WARN_64_TO_32_BIT_CONVERSION = YES;
				GCC_WARN_ABOUT_RETURN_TYPE = YES_ERROR;
				GCC_WARN_UNDECLARED_SELECTOR = YES;
				GCC_WARN_UNINITIALIZED_AUTOS = YES_AGGRESSIVE;
				GCC_WARN_UNUSED_FUNCTION = YES;
				GCC_WARN_UNUSED_VARIABLE = YES;
				IPHONEOS_DEPLOYMENT_TARGET = 7.0;
				MTL_ENABLE_DEBUG_INFO = YES;
				ONLY_ACTIVE_ARCH = YES;
				SDKROOT = iphoneos;
			};
			name = Debug;
		};
		D718989719DFC40B00179E0C /* Release */ = {
			isa = XCBuildConfiguration;
			buildSettings = {
				ALWAYS_SEARCH_USER_PATHS = NO;
				CLANG_CXX_LANGUAGE_STANDARD = "gnu++0x";
				CLANG_CXX_LIBRARY = "libc++";
				CLANG_ENABLE_MODULES = YES;
				CLANG_ENABLE_OBJC_ARC = YES;
				CLANG_WARN_BOOL_CONVERSION = YES;
				CLANG_WARN_CONSTANT_CONVERSION = YES;
				CLANG_WARN_DIRECT_OBJC_ISA_USAGE = YES_ERROR;
				CLANG_WARN_EMPTY_BODY = YES;
				CLANG_WARN_ENUM_CONVERSION = YES;
				CLANG_WARN_INT_CONVERSION = YES;
				CLANG_WARN_OBJC_ROOT_CLASS = YES_ERROR;
				CLANG_WARN_UNREACHABLE_CODE = YES;
				CLANG_WARN__DUPLICATE_METHOD_MATCH = YES;
				"CODE_SIGN_IDENTITY[sdk=iphoneos*]" = "iPhone Developer";
				COPY_PHASE_STRIP = YES;
				ENABLE_NS_ASSERTIONS = NO;
				ENABLE_STRICT_OBJC_MSGSEND = YES;
				GCC_C_LANGUAGE_STANDARD = gnu99;
				GCC_WARN_64_TO_32_BIT_CONVERSION = YES;
				GCC_WARN_ABOUT_RETURN_TYPE = YES_ERROR;
				GCC_WARN_UNDECLARED_SELECTOR = YES;
				GCC_WARN_UNINITIALIZED_AUTOS = YES_AGGRESSIVE;
				GCC_WARN_UNUSED_FUNCTION = YES;
				GCC_WARN_UNUSED_VARIABLE = YES;
				IPHONEOS_DEPLOYMENT_TARGET = 7.0;
				MTL_ENABLE_DEBUG_INFO = NO;
				SDKROOT = iphoneos;
				VALIDATE_PRODUCT = YES;
			};
			name = Release;
		};
		D718989919DFC40B00179E0C /* Debug */ = {
			isa = XCBuildConfiguration;
			buildSettings = {
				ASSETCATALOG_COMPILER_APPICON_NAME = AppIcon;
				ASSETCATALOG_COMPILER_LAUNCHIMAGE_NAME = LaunchImage;
				INFOPLIST_FILE = NFXTourViewControllerDEMO/Info.plist;
				IPHONEOS_DEPLOYMENT_TARGET = 6.0;
				LD_RUNPATH_SEARCH_PATHS = "$(inherited) @executable_path/Frameworks";
				PRODUCT_NAME = "$(TARGET_NAME)";
				TARGETED_DEVICE_FAMILY = "1,2";
			};
			name = Debug;
		};
		D718989A19DFC40B00179E0C /* Release */ = {
			isa = XCBuildConfiguration;
			buildSettings = {
				ASSETCATALOG_COMPILER_APPICON_NAME = AppIcon;
				ASSETCATALOG_COMPILER_LAUNCHIMAGE_NAME = LaunchImage;
				INFOPLIST_FILE = NFXTourViewControllerDEMO/Info.plist;
				IPHONEOS_DEPLOYMENT_TARGET = 6.0;
				LD_RUNPATH_SEARCH_PATHS = "$(inherited) @executable_path/Frameworks";
				PRODUCT_NAME = "$(TARGET_NAME)";
				TARGETED_DEVICE_FAMILY = "1,2";
			};
			name = Release;
		};
/* End XCBuildConfiguration section */

/* Begin XCConfigurationList section */
		D718987019DFC40B00179E0C /* Build configuration list for PBXProject "NFXTourViewControllerDEMO" */ = {
			isa = XCConfigurationList;
			buildConfigurations = (
				D718989619DFC40B00179E0C /* Debug */,
				D718989719DFC40B00179E0C /* Release */,
			);
			defaultConfigurationIsVisible = 0;
			defaultConfigurationName = Release;
		};
		D718989819DFC40B00179E0C /* Build configuration list for PBXNativeTarget "NFXTourViewControllerDEMO" */ = {
			isa = XCConfigurationList;
			buildConfigurations = (
				D718989919DFC40B00179E0C /* Debug */,
				D718989A19DFC40B00179E0C /* Release */,
			);
			defaultConfigurationIsVisible = 0;
		};
/* End XCConfigurationList section */
	};
	rootObject = D718986D19DFC40B00179E0C /* Project object */;
}
